
Microsoft Visual Studio Solution File, Format Version 12.00
# Visual Studio Version 17
VisualStudioVersion = 17.0.31903.59
MinimumVisualStudioVersion = 10.0.40219.1
Project("{2150E333-8FDC-42A3-9474-1A3956D46DE8}") = "src", "src", "{6F5BC7FC-B272-47F0-84F5-AE77A90698C4}"
EndProject
Project("{FAE04EC0-301F-11D3-BF4B-00C04F79EFBC}") = "TaskApi", "src\TaskApi\TaskApi.csproj", "{7793CC5A-A847-449D-A0EA-3062E05E1306}"
EndProject
Project("{2150E333-8FDC-42A3-9474-1A3956D46DE8}") = "tests", "tests", "{E5D1BC33-29FF-405E-832B-0E253BBB614E}"
EndProject
Project("{FAE04EC0-301F-11D3-BF4B-00C04F79EFBC}") = "TaskApi.UnitTests", "tests\TaskApi.UnitTests\TaskApi.UnitTests.csproj", "{FB472B5D-1F78-48EE-83FB-CA2719CB6BFF}"
EndProject
Project("{FAE04EC0-301F-11D3-BF4B-00C04F79EFBC}") = "TaskApi.IntegrationTests", "tests\TaskApi.IntegrationTests\TaskApi.IntegrationTests.csproj", "{41145C89-DB30-44B7-B47E-20F669AE2ACF}"
EndProject
Global
	GlobalSection(SolutionConfigurationPlatforms) = preSolution
		Debug|Any CPU = Debug|Any CPU
		Release|Any CPU = Release|Any CPU
	EndGlobalSection
	GlobalSection(SolutionProperties) = preSolution
		HideSolutionNode = FALSE
	EndGlobalSection
	GlobalSection(ProjectConfigurationPlatforms) = postSolution
		{7793CC5A-A847-449D-A0EA-3062E05E1306}.Debug|Any CPU.ActiveCfg = Debug|Any CPU
		{7793CC5A-A847-449D-A0EA-3062E05E1306}.Debug|Any CPU.Build.0 = Debug|Any CPU
		{7793CC5A-A847-449D-A0EA-3062E05E1306}.Release|Any CPU.ActiveCfg = Release|Any CPU
		{7793CC5A-A847-449D-A0EA-3062E05E1306}.Release|Any CPU.Build.0 = Release|Any CPU
		{FB472B5D-1F78-48EE-83FB-CA2719CB6BFF}.Debug|Any CPU.ActiveCfg = Debug|Any CPU
		{FB472B5D-1F78-48EE-83FB-CA2719CB6BFF}.Debug|Any CPU.Build.0 = Debug|Any CPU
		{FB472B5D-1F78-48EE-83FB-CA2719CB6BFF}.Release|Any CPU.ActiveCfg = Release|Any CPU
		{FB472B5D-1F78-48EE-83FB-CA2719CB6BFF}.Release|Any CPU.Build.0 = Release|Any CPU
		{41145C89-DB30-44B7-B47E-20F669AE2ACF}.Debug|Any CPU.ActiveCfg = Debug|Any CPU
		{41145C89-DB30-44B7-B47E-20F669AE2ACF}.Debug|Any CPU.Build.0 = Debug|Any CPU
		{41145C89-DB30-44B7-B47E-20F669AE2ACF}.Release|Any CPU.ActiveCfg = Release|Any CPU
		{41145C89-DB30-44B7-B47E-20F669AE2ACF}.Release|Any CPU.Build.0 = Release|Any CPU
	EndGlobalSection
	GlobalSection(NestedProjects) = preSolution
		{7793CC5A-A847-449D-A0EA-3062E05E1306} = {6F5BC7FC-B272-47F0-84F5-AE77A90698C4}
		{FB472B5D-1F78-48EE-83FB-CA2719CB6BFF} = {E5D1BC33-29FF-405E-832B-0E253BBB614E}
		{41145C89-DB30-44B7-B47E-20F669AE2ACF} = {E5D1BC33-29FF-405E-832B-0E253BBB614E}
	EndGlobalSection
EndGlobal
